{
  "name": "es4x-js",
  "version": "1.0.0",
  "lockfileVersion": 1,
  "requires": true,
  "dependencies": {
    "@vertx/core": {
      "version": "3.8.5",
      "resolved": "https://registry.npmjs.org/@vertx/core/-/core-3.8.5.tgz",
      "integrity": "sha512-eSj5wHbpCJsEBz/z7KzUMtBracCzQO85Nui6+7oWAo3v25vKID77ksCGYEtEoMlk6+LxZd9aJT0YMkhMjDKcdw=="
    },
    "@vertx/unit": {
      "version": "3.8.5",
      "resolved": "https://registry.npmjs.org/@vertx/unit/-/unit-3.8.5.tgz",
      "integrity": "sha512-zy5Oo0n9LwuqZdiU2MrOqc0IuuPrxIZju+5+jwEiVydoOxf1Jrrm9FAOP9lY6ZhYzBnHL1N9uSIWdk4l8MwrqA==",
      "dev": true,
      "requires": {
        "@vertx/core": "3.8.5"
      }
    }
  }
}
